// !$*UTF8*$!
{
	archiveVersion = 1;
	classes = {
	};
	objectVersion = 56;
	objects = {

/* Begin PBXBuildFile section */
		649C9283293F6067009066CE /* Task_1App.swift in Sources */ = {isa = PBXBuildFile; fileRef = 649C9282293F6067009066CE /* Task_1App.swift */; };
		649C9287293F6068009066CE /* Assets.xcassets in Resources */ = {isa = PBXBuildFile; fileRef = 649C9286293F6068009066CE /* Assets.xcassets */; };
		649C928A293F6068009066CE /* Preview Assets.xcassets in Resources */ = {isa = PBXBuildFile; fileRef = 649C9289293F6068009066CE /* Preview Assets.xcassets */; };
		649C928C293F6068009066CE /* Persistence.swift in Sources */ = {isa = PBXBuildFile; fileRef = 649C928B293F6068009066CE /* Persistence.swift */; };
		649C928F293F6068009066CE /* Task_1.xcdatamodeld in Sources */ = {isa = PBXBuildFile; fileRef = 649C928D293F6068009066CE /* Task_1.xcdatamodeld */; };
		649C9297293F6081009066CE /* HomeScreen.swift in Sources */ = {isa = PBXBuildFile; fileRef = 649C9296293F6081009066CE /* HomeScreen.swift */; };
		649C9299293F6089009066CE /* SignInScreen.swift in Sources */ = {isa = PBXBuildFile; fileRef = 649C9298293F6089009066CE /* SignInScreen.swift */; };
		649C929B293F609C009066CE /* SignUpScreen.swift in Sources */ = {isa = PBXBuildFile; fileRef = 649C929A293F609C009066CE /* SignUpScreen.swift */; };
		649C929D293F60E1009066CE /* GoogleService-Info.plist in Resources */ = {isa = PBXBuildFile; fileRef = 649C929C293F60E1009066CE /* GoogleService-Info.plist */; };
		649C929F293F616A009066CE /* AddContactScreen.swift in Sources */ = {isa = PBXBuildFile; fileRef = 649C929E293F616A009066CE /* AddContactScreen.swift */; };
		649C92A1293F61FE009066CE /* StarterScreen.swift in Sources */ = {isa = PBXBuildFile; fileRef = 649C92A0293F61FE009066CE /* StarterScreen.swift */; };
		649C92A5293F6299009066CE /* SessionStore.swift in Sources */ = {isa = PBXBuildFile; fileRef = 649C92A4293F6299009066CE /* SessionStore.swift */; };
		649C92A8293F65BC009066CE /* User.swift in Sources */ = {isa = PBXBuildFile; fileRef = 649C92A7293F65BC009066CE /* User.swift */; };
		64FD9E81293F78FA000F29B5 /* RealtimeStore.swift in Sources */ = {isa = PBXBuildFile; fileRef = 64FD9E80293F78FA000F29B5 /* RealtimeStore.swift */; };
		64FD9E83293F7992000F29B5 /* Contact.swift in Sources */ = {isa = PBXBuildFile; fileRef = 64FD9E82293F7992000F29B5 /* Contact.swift */; };
		64FD9E86293F824D000F29B5 /* ContactCell.swift in Sources */ = {isa = PBXBuildFile; fileRef = 64FD9E85293F824D000F29B5 /* ContactCell.swift */; };
		64FD9E89293F89B0000F29B5 /* Extensions.swift in Sources */ = {isa = PBXBuildFile; fileRef = 64FD9E88293F89B0000F29B5 /* Extensions.swift */; };
		9C1E4DFA79D39C4221A884CA /* Pods_Task_1.framework in Frameworks */ = {isa = PBXBuildFile; fileRef = CA64E5A3BB43A79F02A72698 /* Pods_Task_1.framework */; };
/* End PBXBuildFile section */

/* Begin PBXFileReference section */
		47DD6B2F94294E74477E3033 /* Pods-Task 1.release.xcconfig */ = {isa = PBXFileReference; includeInIndex = 1; lastKnownFileType = text.xcconfig; name = "Pods-Task 1.release.xcconfig"; path = "Target Support Files/Pods-Task 1/Pods-Task 1.release.xcconfig"; sourceTree = "<group>"; };
		5E16BF2A4DADF538B18C0628 /* Pods-Task 1.debug.xcconfig */ = {isa = PBXFileReference; includeInIndex = 1; lastKnownFileType = text.xcconfig; name = "Pods-Task 1.debug.xcconfig"; path = "Target Support Files/Pods-Task 1/Pods-Task 1.debug.xcconfig"; sourceTree = "<group>"; };
		649C927F293F6067009066CE /* Task 1.app */ = {isa = PBXFileReference; explicitFileType = wrapper.application; includeInIndex = 0; path = "Task 1.app"; sourceTree = BUILT_PRODUCTS_DIR; };
		649C9282293F6067009066CE /* Task_1App.swift */ = {isa = PBXFileReference; lastKnownFileType = sourcecode.swift; path = Task_1App.swift; sourceTree = "<group>"; };
		649C9286293F6068009066CE /* Assets.xcassets */ = {isa = PBXFileReference; lastKnownFileType = folder.assetcatalog; path = Assets.xcassets; sourceTree = "<group>"; };
		649C9289293F6068009066CE /* Preview Assets.xcassets */ = {isa = PBXFileReference; lastKnownFileType = folder.assetcatalog; path = "Preview Assets.xcassets"; sourceTree = "<group>"; };
		649C928B293F6068009066CE /* Persistence.swift */ = {isa = PBXFileReference; lastKnownFileType = sourcecode.swift; path = Persistence.swift; sourceTree = "<group>"; };
		649C928E293F6068009066CE /* Task_1.xcdatamodel */ = {isa = PBXFileReference; lastKnownFileType = wrapper.xcdatamodel; path = Task_1.xcdatamodel; sourceTree = "<group>"; };
		649C9296293F6081009066CE /* HomeScreen.swift */ = {isa = PBXFileReference; lastKnownFileType = sourcecode.swift; path = HomeScreen.swift; sourceTree = "<group>"; };
		649C9298293F6089009066CE /* SignInScreen.swift */ = {isa = PBXFileReference; lastKnownFileType = sourcecode.swift; path = SignInScreen.swift; sourceTree = "<group>"; };
		649C929A293F609C009066CE /* SignUpScreen.swift */ = {isa = PBXFileReference; lastKnownFileType = sourcecode.swift; path = SignUpScreen.swift; sourceTree = "<group>"; };
		649C929C293F60E1009066CE /* GoogleService-Info.plist */ = {isa = PBXFileReference; fileEncoding = 4; lastKnownFileType = text.plist.xml; path = "GoogleService-Info.plist"; sourceTree = "<group>"; };
		649C929E293F616A009066CE /* AddContactScreen.swift */ = {isa = PBXFileReference; lastKnownFileType = sourcecode.swift; path = AddContactScreen.swift; sourceTree = "<group>"; };
		649C92A0293F61FE009066CE /* StarterScreen.swift */ = {isa = PBXFileReference; lastKnownFileType = sourcecode.swift; path = StarterScreen.swift; sourceTree = "<group>"; };
		649C92A4293F6299009066CE /* SessionStore.swift */ = {isa = PBXFileReference; lastKnownFileType = sourcecode.swift; path = SessionStore.swift; sourceTree = "<group>"; };
		649C92A7293F65BC009066CE /* User.swift */ = {isa = PBXFileReference; lastKnownFileType = sourcecode.swift; path = User.swift; sourceTree = "<group>"; };
		64FD9E80293F78FA000F29B5 /* RealtimeStore.swift */ = {isa = PBXFileReference; lastKnownFileType = sourcecode.swift; path = RealtimeStore.swift; sourceTree = "<group>"; };
		64FD9E82293F7992000F29B5 /* Contact.swift */ = {isa = PBXFileReference; lastKnownFileType = sourcecode.swift; path = Contact.swift; sourceTree = "<group>"; };
		64FD9E85293F824D000F29B5 /* ContactCell.swift */ = {isa = PBXFileReference; lastKnownFileType = sourcecode.swift; path = ContactCell.swift; sourceTree = "<group>"; };
		64FD9E88293F89B0000F29B5 /* Extensions.swift */ = {isa = PBXFileReference; lastKnownFileType = sourcecode.swift; path = Extensions.swift; sourceTree = "<group>"; };
		CA64E5A3BB43A79F02A72698 /* Pods_Task_1.framework */ = {isa = PBXFileReference; explicitFileType = wrapper.framework; includeInIndex = 0; path = Pods_Task_1.framework; sourceTree = BUILT_PRODUCTS_DIR; };
/* End PBXFileReference section */

/* Begin PBXFrameworksBuildPhase section */
		649C927C293F6067009066CE /* Frameworks */ = {
			isa = PBXFrameworksBuildPhase;
			buildActionMask = 2147483647;
			files = (
				9C1E4DFA79D39C4221A884CA /* Pods_Task_1.framework in Frameworks */,
			);
			runOnlyForDeploymentPostprocessing = 0;
		};
/* End PBXFrameworksBuildPhase section */

/* Begin PBXGroup section */
		30AB46A060DE087F83FD93CD /* Frameworks */ = {
			isa = PBXGroup;
			children = (
				CA64E5A3BB43A79F02A72698 /* Pods_Task_1.framework */,
			);
			name = Frameworks;
			sourceTree = "<group>";
		};
		649C9276293F6067009066CE = {
			isa = PBXGroup;
			children = (
				649C9281293F6067009066CE /* Task 1 */,
				649C9280293F6067009066CE /* Products */,
				CFF38FDBA905A53ADCA61B31 /* Pods */,
				30AB46A060DE087F83FD93CD /* Frameworks */,
			);
			sourceTree = "<group>";
		};
		649C9280293F6067009066CE /* Products */ = {
			isa = PBXGroup;
			children = (
				649C927F293F6067009066CE /* Task 1.app */,
			);
			name = Products;
			sourceTree = "<group>";
		};
		649C9281293F6067009066CE /* Task 1 */ = {
			isa = PBXGroup;
			children = (
				64FD9E87293F89A0000F29B5 /* utils */,
				64FD9E84293F8241000F29B5 /* cell */,
				649C92A6293F65B5009066CE /* model */,
				649C92A3293F6263009066CE /* networking */,
				649C9295293F6076009066CE /* screens */,
				649C9282293F6067009066CE /* Task_1App.swift */,
				649C9286293F6068009066CE /* Assets.xcassets */,
				649C928B293F6068009066CE /* Persistence.swift */,
				649C928D293F6068009066CE /* Task_1.xcdatamodeld */,
				649C929C293F60E1009066CE /* GoogleService-Info.plist */,
				649C9288293F6068009066CE /* Preview Content */,
			);
			path = "Task 1";
			sourceTree = "<group>";
		};
		649C9288293F6068009066CE /* Preview Content */ = {
			isa = PBXGroup;
			children = (
				649C9289293F6068009066CE /* Preview Assets.xcassets */,
			);
			path = "Preview Content";
			sourceTree = "<group>";
		};
		649C9295293F6076009066CE /* screens */ = {
			isa = PBXGroup;
			children = (
				649C9296293F6081009066CE /* HomeScreen.swift */,
				649C9298293F6089009066CE /* SignInScreen.swift */,
				649C929A293F609C009066CE /* SignUpScreen.swift */,
				649C929E293F616A009066CE /* AddContactScreen.swift */,
				649C92A0293F61FE009066CE /* StarterScreen.swift */,
			);
			path = screens;
			sourceTree = "<group>";
		};
		649C92A3293F6263009066CE /* networking */ = {
			isa = PBXGroup;
			children = (
				649C92A4293F6299009066CE /* SessionStore.swift */,
				64FD9E80293F78FA000F29B5 /* RealtimeStore.swift */,
			);
			path = networking;
			sourceTree = "<group>";
		};
		649C92A6293F65B5009066CE /* model */ = {
			isa = PBXGroup;
			children = (
				649C92A7293F65BC009066CE /* User.swift */,
				64FD9E82293F7992000F29B5 /* Contact.swift */,
			);
			path = model;
			sourceTree = "<group>";
		};
		64FD9E84293F8241000F29B5 /* cell */ = {
			isa = PBXGroup;
			children = (
				64FD9E85293F824D000F29B5 /* ContactCell.swift */,
			);
			path = cell;
			sourceTree = "<group>";
		};
		64FD9E87293F89A0000F29B5 /* utils */ = {
			isa = PBXGroup;
			children = (
				64FD9E88293F89B0000F29B5 /* Extensions.swift */,
			);
			path = utils;
			sourceTree = "<group>";
		};
		CFF38FDBA905A53ADCA61B31 /* Pods */ = {
			isa = PBXGroup;
			children = (
				5E16BF2A4DADF538B18C0628 /* Pods-Task 1.debug.xcconfig */,
				47DD6B2F94294E74477E3033 /* Pods-Task 1.release.xcconfig */,
			);
			path = Pods;
			sourceTree = "<group>";
		};
/* End PBXGroup section */

/* Begin PBXNativeTarget section */
		649C927E293F6067009066CE /* Task 1 */ = {
			isa = PBXNativeTarget;
			buildConfigurationList = 649C9292293F6068009066CE /* Build configuration list for PBXNativeTarget "Task 1" */;
			buildPhases = (
				01837B037ECC226EA57ED79E /* [CP] Check Pods Manifest.lock */,
				649C927B293F6067009066CE /* Sources */,
				649C927C293F6067009066CE /* Frameworks */,
				649C927D293F6067009066CE /* Resources */,
				EEBBC4900C266A255180EA30 /* [CP] Embed Pods Frameworks */,
			);
			buildRules = (
			);
			dependencies = (
			);
			name = "Task 1";
			productName = "Task 1";
			productReference = 649C927F293F6067009066CE /* Task 1.app */;
			productType = "com.apple.product-type.application";
		};
/* End PBXNativeTarget section */

/* Begin PBXProject section */
		649C9277293F6067009066CE /* Project object */ = {
			isa = PBXProject;
			attributes = {
				BuildIndependentTargetsInParallel = 1;
				LastSwiftUpdateCheck = 1410;
				LastUpgradeCheck = 1410;
				TargetAttributes = {
					649C927E293F6067009066CE = {
						CreatedOnToolsVersion = 14.1;
					};
				};
			};
			buildConfigurationList = 649C927A293F6067009066CE /* Build configuration list for PBXProject "Task 1" */;
			compatibilityVersion = "Xcode 14.0";
			developmentRegion = en;
			hasScannedForEncodings = 0;
			knownRegions = (
				en,
				Base,
			);
			mainGroup = 649C9276293F6067009066CE;
			productRefGroup = 649C9280293F6067009066CE /* Products */;
			projectDirPath = "";
			projectRoot = "";
			targets = (
				649C927E293F6067009066CE /* Task 1 */,
			);
		};
/* End PBXProject section */

/* Begin PBXResourcesBuildPhase section */
		649C927D293F6067009066CE /* Resources */ = {
			isa = PBXResourcesBuildPhase;
			buildActionMask = 2147483647;
			files = (
				649C928A293F6068009066CE /* Preview Assets.xcassets in Resources */,
				649C9287293F6068009066CE /* Assets.xcassets in Resources */,
				649C929D293F60E1009066CE /* GoogleService-Info.plist in Resources */,
			);
			runOnlyForDeploymentPostprocessing = 0;
		};
/* End PBXResourcesBuildPhase section */

/* Begin PBXShellScriptBuildPhase section */
		01837B037ECC226EA57ED79E /* [CP] Check Pods Manifest.lock */ = {
			isa = PBXShellScriptBuildPhase;
			buildActionMask = 2147483647;
			files = (
			);
			inputFileListPaths = (
			);
			inputPaths = (
				"${PODS_PODFILE_DIR_PATH}/Podfile.lock",
				"${PODS_ROOT}/Manifest.lock",
			);
			name = "[CP] Check Pods Manifest.lock";
			outputFileListPaths = (
			);
			outputPaths = (
				"$(DERIVED_FILE_DIR)/Pods-Task 1-checkManifestLockResult.txt",
			);
			runOnlyForDeploymentPostprocessing = 0;
			shellPath = /bin/sh;
			shellScript = "diff \"${PODS_PODFILE_DIR_PATH}/Podfile.lock\" \"${PODS_ROOT}/Manifest.lock\" > /dev/null\nif [ $? != 0 ] ; then\n    # print error to STDERR\n    echo \"error: The sandbox is not in sync with the Podfile.lock. Run 'pod install' or update your CocoaPods installation.\" >&2\n    exit 1\nfi\n# This output is used by Xcode 'outputs' to avoid re-running this script phase.\necho \"SUCCESS\" > \"${SCRIPT_OUTPUT_FILE_0}\"\n";
			showEnvVarsInLog = 0;
		};
		EEBBC4900C266A255180EA30 /* [CP] Embed Pods Frameworks */ = {
			isa = PBXShellScriptBuildPhase;
			buildActionMask = 2147483647;
			files = (
			);
			inputFileListPaths = (
				"${PODS_ROOT}/Target Support Files/Pods-Task 1/Pods-Task 1-frameworks-${CONFIGURATION}-input-files.xcfilelist",
			);
			name = "[CP] Embed Pods Frameworks";
			outputFileListPaths = (
				"${PODS_ROOT}/Target Support Files/Pods-Task 1/Pods-Task 1-frameworks-${CONFIGURATION}-output-files.xcfilelist",
			);
			runOnlyForDeploymentPostprocessing = 0;
			shellPath = /bin/sh;
			shellScript = "\"${PODS_ROOT}/Target Support Files/Pods-Task 1/Pods-Task 1-frameworks.sh\"\n";
			showEnvVarsInLog = 0;
		};
/* End PBXShellScriptBuildPhase section */

/* Begin PBXSourcesBuildPhase section */
		649C927B293F6067009066CE /* Sources */ = {
			isa = PBXSourcesBuildPhase;
			buildActionMask = 2147483647;
			files = (
				64FD9E83293F7992000F29B5 /* Contact.swift in Sources */,
				649C928C293F6068009066CE /* Persistence.swift in Sources */,
				649C9297293F6081009066CE /* HomeScreen.swift in Sources */,
				64FD9E86293F824D000F29B5 /* ContactCell.swift in Sources */,
				649C929B293F609C009066CE /* SignUpScreen.swift in Sources */,
				649C92A1293F61FE009066CE /* StarterScreen.swift in Sources */,
				64FD9E81293F78FA000F29B5 /* RealtimeStore.swift in Sources */,
				649C929F293F616A009066CE /* AddContactScreen.swift in Sources */,
				649C92A5293F6299009066CE /* SessionStore.swift in Sources */,
				649C928F293F6068009066CE /* Task_1.xcdatamodeld in Sources */,
				649C9283293F6067009066CE /* Task_1App.swift in Sources */,
				649C92A8293F65BC009066CE /* User.swift in Sources */,
				649C9299293F6089009066CE /* SignInScreen.swift in Sources */,
				64FD9E89293F89B0000F29B5 /* Extensions.swift in Sources */,
			);
			runOnlyForDeploymentPostprocessing = 0;
		};
/* End PBXSourcesBuildPhase section */

/* Begin XCBuildConfiguration section */
		649C9290293F6068009066CE /* Debug */ = {
			isa = XCBuildConfiguration;
			buildSettings = {
				ALWAYS_SEARCH_USER_PATHS = NO;
				CLANG_ANALYZER_NONNULL = YES;
				CLANG_ANALYZER_NUMBER_OBJECT_CONVERSION = YES_AGGRESSIVE;
				CLANG_CXX_LANGUAGE_STANDARD = "gnu++20";
				CLANG_ENABLE_MODULES = YES;
				CLANG_ENABLE_OBJC_ARC = YES;
				CLANG_ENABLE_OBJC_WEAK = YES;
				CLANG_WARN_BLOCK_CAPTURE_AUTORELEASING = YES;
				CLANG_WARN_BOOL_CONVERSION = YES;
				CLANG_WARN_COMMA = YES;
				CLANG_WARN_CONSTANT_CONVERSION = YES;
				CLANG_WARN_DEPRECATED_OBJC_IMPLEMENTATIONS = YES;
				CLANG_WARN_DIRECT_OBJC_ISA_USAGE = YES_ERROR;
				CLANG_WARN_DOCUMENTATION_COMMENTS = YES;
				CLANG_WARN_EMPTY_BODY = YES;
				CLANG_WARN_ENUM_CONVERSION = YES;
				CLANG_WARN_INFINITE_RECURSION = YES;
				CLANG_WARN_INT_CONVERSION = YES;
				CLANG_WARN_NON_LITERAL_NULL_CONVERSION = YES;
				CLANG_WARN_OBJC_IMPLICIT_RETAIN_SELF = YES;
				CLANG_WARN_OBJC_LITERAL_CONVERSION = YES;
				CLANG_WARN_OBJC_ROOT_CLASS = YES_ERROR;
				CLANG_WARN_QUOTED_INCLUDE_IN_FRAMEWORK_HEADER = YES;
				CLANG_WARN_RANGE_LOOP_ANALYSIS = YES;
				CLANG_WARN_STRICT_PROTOTYPES = YES;
				CLANG_WARN_SUSPICIOUS_MOVE = YES;
				CLANG_WARN_UNGUARDED_AVAILABILITY = YES_AGGRESSIVE;
				CLANG_WARN_UNREACHABLE_CODE = YES;
				CLANG_WARN__DUPLICATE_METHOD_MATCH = YES;
				COPY_PHASE_STRIP = NO;
				DEBUG_INFORMATION_FORMAT = dwarf;
				ENABLE_STRICT_OBJC_MSGSEND = YES;
				ENABLE_TESTABILITY = YES;
				GCC_C_LANGUAGE_STANDARD = gnu11;
				GCC_DYNAMIC_NO_PIC = NO;
				GCC_NO_COMMON_BLOCKS = YES;
				GCC_OPTIMIZATION_LEVEL = 0;
				GCC_PREPROCESSOR_DEFINITIONS = (
					"DEBUG=1",
					"$(inherited)",
				);
				GCC_WARN_64_TO_32_BIT_CONVERSION = YES;
				GCC_WARN_ABOUT_RETURN_TYPE = YES_ERROR;
				GCC_WARN_UNDECLARED_SELECTOR = YES;
				GCC_WARN_UNINITIALIZED_AUTOS = YES_AGGRESSIVE;
				GCC_WARN_UNUSED_FUNCTION = YES;
				GCC_WARN_UNUSED_VARIABLE = YES;
				IPHONEOS_DEPLOYMENT_TARGET = 16.1;
				MTL_ENABLE_DEBUG_INFO = INCLUDE_SOURCE;
				MTL_FAST_MATH = YES;
				ONLY_ACTIVE_ARCH = YES;
				SDKROOT = iphoneos;
				SWIFT_ACTIVE_COMPILATION_CONDITIONS = DEBUG;
				SWIFT_OPTIMIZATION_LEVEL = "-Onone";
			};
			name = Debug;
		};
		649C9291293F6068009066CE /* Release */ = {
			isa = XCBuildConfiguration;
			buildSettings = {
				ALWAYS_SEARCH_USER_PATHS = NO;
				CLANG_ANALYZER_NONNULL = YES;
				CLANG_ANALYZER_NUMBER_OBJECT_CONVERSION = YES_AGGRESSIVE;
				CLANG_CXX_LANGUAGE_STANDARD = "gnu++20";
				CLANG_ENABLE_MODULES = YES;
				CLANG_ENABLE_OBJC_ARC = YES;
				CLANG_ENABLE_OBJC_WEAK = YES;
				CLANG_WARN_BLOCK_CAPTURE_AUTORELEASING = YES;
				CLANG_WARN_BOOL_CONVERSION = YES;
				CLANG_WARN_COMMA = YES;
				CLANG_WARN_CONSTANT_CONVERSION = YES;
				CLANG_WARN_DEPRECATED_OBJC_IMPLEMENTATIONS = YES;
				CLANG_WARN_DIRECT_OBJC_ISA_USAGE = YES_ERROR;
				CLANG_WARN_DOCUMENTATION_COMMENTS = YES;
				CLANG_WARN_EMPTY_BODY = YES;
				CLANG_WARN_ENUM_CONVERSION = YES;
				CLANG_WARN_INFINITE_RECURSION = YES;
				CLANG_WARN_INT_CONVERSION = YES;
				CLANG_WARN_NON_LITERAL_NULL_CONVERSION = YES;
				CLANG_WARN_OBJC_IMPLICIT_RETAIN_SELF = YES;
				CLANG_WARN_OBJC_LITERAL_CONVERSION = YES;
				CLANG_WARN_OBJC_ROOT_CLASS = YES_ERROR;
				CLANG_WARN_QUOTED_INCLUDE_IN_FRAMEWORK_HEADER = YES;
				CLANG_WARN_RANGE_LOOP_ANALYSIS = YES;
				CLANG_WARN_STRICT_PROTOTYPES = YES;
				CLANG_WARN_SUSPICIOUS_MOVE = YES;
				CLANG_WARN_UNGUARDED_AVAILABILITY = YES_AGGRESSIVE;
				CLANG_WARN_UNREACHABLE_CODE = YES;
				CLANG_WARN__DUPLICATE_METHOD_MATCH = YES;
				COPY_PHASE_STRIP = NO;
				DEBUG_INFORMATION_FORMAT = "dwarf-with-dsym";
				ENABLE_NS_ASSERTIONS = NO;
				ENABLE_STRICT_OBJC_MSGSEND = YES;
				GCC_C_LANGUAGE_STANDARD = gnu11;
				GCC_NO_COMMON_BLOCKS = YES;
				GCC_WARN_64_TO_32_BIT_CONVERSION = YES;
				GCC_WARN_ABOUT_RETURN_TYPE = YES_ERROR;
				GCC_WARN_UNDECLARED_SELECTOR = YES;
				GCC_WARN_UNINITIALIZED_AUTOS = YES_AGGRESSIVE;
				GCC_WARN_UNUSED_FUNCTION = YES;
				GCC_WARN_UNUSED_VARIABLE = YES;
				IPHONEOS_DEPLOYMENT_TARGET = 16.1;
				MTL_ENABLE_DEBUG_INFO = NO;
				MTL_FAST_MATH = YES;
				SDKROOT = iphoneos;
				SWIFT_COMPILATION_MODE = wholemodule;
				SWIFT_OPTIMIZATION_LEVEL = "-O";
				VALIDATE_PRODUCT = YES;
			};
			name = Release;
		};
		649C9293293F6068009066CE /* Debug */ = {
			isa = XCBuildConfiguration;
			baseConfigurationReference = 5E16BF2A4DADF538B18C0628 /* Pods-Task 1.debug.xcconfig */;
			buildSettings = {
				ASSETCATALOG_COMPILER_APPICON_NAME = AppIcon;
				ASSETCATALOG_COMPILER_GLOBAL_ACCENT_COLOR_NAME = AccentColor;
				CODE_SIGN_STYLE = Automatic;
				CURRENT_PROJECT_VERSION = 1;
				DEVELOPMENT_ASSET_PATHS = "\"Task 1/Preview Content\"";
				DEVELOPMENT_TEAM = 6K7DDF9TZ3;
				ENABLE_PREVIEWS = YES;
				GENERATE_INFOPLIST_FILE = YES;
				INFOPLIST_KEY_UIApplicationSceneManifest_Generation = YES;
				INFOPLIST_KEY_UIApplicationSupportsIndirectInputEvents = YES;
				INFOPLIST_KEY_UILaunchScreen_Generation = YES;
				INFOPLIST_KEY_UISupportedInterfaceOrientations_iPad = "UIInterfaceOrientationPortrait UIInterfaceOrientationPortraitUpsideDown UIInterfaceOrientationLandscapeLeft UIInterfaceOrientationLandscapeRight";
				INFOPLIST_KEY_UISupportedInterfaceOrientations_iPhone = "UIInterfaceOrientationPortrait UIInterfaceOrientationLandscapeLeft UIInterfaceOrientationLandscapeRight";
				LD_RUNPATH_SEARCH_PATHS = (
					"$(inherited)",
					"@executable_path/Frameworks",
				);
				MARKETING_VERSION = 1.0;
				PRODUCT_BUNDLE_IDENTIFIER = "dev.ogabek.Task-1";
				PRODUCT_NAME = "$(TARGET_NAME)";
				SWIFT_EMIT_LOC_STRINGS = YES;
				SWIFT_VERSION = 5.0;
				TARGETED_DEVICE_FAMILY = "1,2";
			};
			name = Debug;
		};
		649C9294293F6068009066CE /* Release */ = {
			isa = XCBuildConfiguration;
			baseConfigurationReference = 47DD6B2F94294E74477E3033 /* Pods-Task 1.release.xcconfig */;
			buildSettings = {
				ASSETCATALOG_COMPILER_APPICON_NAME = AppIcon;
				ASSETCATALOG_COMPILER_GLOBAL_ACCENT_COLOR_NAME = AccentColor;
				CODE_SIGN_STYLE = Automatic;
				CURRENT_PROJECT_VERSION = 1;
				DEVELOPMENT_ASSET_PATHS = "\"Task 1/Preview Content\"";
				DEVELOPMENT_TEAM = 6K7DDF9TZ3;
				ENABLE_PREVIEWS = YES;
				GENERATE_INFOPLIST_FILE = YES;
				INFOPLIST_KEY_UIApplicationSceneManifest_Generation = YES;
				INFOPLIST_KEY_UIApplicationSupportsIndirectInputEvents = YES;
				INFOPLIST_KEY_UILaunchScreen_Generation = YES;
				INFOPLIST_KEY_UISupportedInterfaceOrientations_iPad = "UIInterfaceOrientationPortrait UIInterfaceOrientationPortraitUpsideDown UIInterfaceOrientationLandscapeLeft UIInterfaceOrientationLandscapeRight";
				INFOPLIST_KEY_UISupportedInterfaceOrientations_iPhone = "UIInterfaceOrientationPortrait UIInterfaceOrientationLandscapeLeft UIInterfaceOrientationLandscapeRight";
				LD_RUNPATH_SEARCH_PATHS = (
					"$(inherited)",
					"@executable_path/Frameworks",
				);
				MARKETING_VERSION = 1.0;
				PRODUCT_BUNDLE_IDENTIFIER = "dev.ogabek.Task-1";
				PRODUCT_NAME = "$(TARGET_NAME)";
				SWIFT_EMIT_LOC_STRINGS = YES;
				SWIFT_VERSION = 5.0;
				TARGETED_DEVICE_FAMILY = "1,2";
			};
			name = Release;
		};
/* End XCBuildConfiguration section */

/* Begin XCConfigurationList section */
		649C927A293F6067009066CE /* Build configuration list for PBXProject "Task 1" */ = {
			isa = XCConfigurationList;
			buildConfigurations = (
				649C9290293F6068009066CE /* Debug */,
				649C9291293F6068009066CE /* Release */,
			);
			defaultConfigurationIsVisible = 0;
			defaultConfigurationName = Release;
		};
		649C9292293F6068009066CE /* Build configuration list for PBXNativeTarget "Task 1" */ = {
			isa = XCConfigurationList;
			buildConfigurations = (
				649C9293293F6068009066CE /* Debug */,
				649C9294293F6068009066CE /* Release */,
			);
			defaultConfigurationIsVisible = 0;
			defaultConfigurationName = Release;
		};
/* End XCConfigurationList section */

/* Begin XCVersionGroup section */
		649C928D293F6068009066CE /* Task_1.xcdatamodeld */ = {
			isa = XCVersionGroup;
			children = (
				649C928E293F6068009066CE /* Task_1.xcdatamodel */,
			);
			currentVersion = 649C928E293F6068009066CE /* Task_1.xcdatamodel */;
			path = Task_1.xcdatamodeld;
			sourceTree = "<group>";
			versionGroupType = wrapper.xcdatamodel;
		};
/* End XCVersionGroup section */
	};
	rootObject = 649C9277293F6067009066CE /* Project object */;
}
